
Microsoft Visual Studio Solution File, Format Version 12.00
# Visual Studio Version 17
VisualStudioVersion = 17.9.34728.123
MinimumVisualStudioVersion = 10.0.40219.1
Project("{FAE04EC0-301F-11D3-BF4B-00C04F79EFBC}") = "TicTacToeGame", "TicTacToeGame\TicTacToeGame.csproj", "{7822C36A-955F-43D8-BD0D-7F5CEDB40F81}"
EndProject
Global
	GlobalSection(SolutionConfigurationPlatforms) = preSolution
		Debug|Any CPU = Debug|Any CPU
		Release|Any CPU = Release|Any CPU
	EndGlobalSection
	GlobalSection(ProjectConfigurationPlatforms) = postSolution
		{7822C36A-955F-43D8-BD0D-7F5CEDB40F81}.Debug|Any CPU.ActiveCfg = Debug|Any CPU
		{7822C36A-955F-43D8-BD0D-7F5CEDB40F81}.Debug|Any CPU.Build.0 = Debug|Any CPU
		{7822C36A-955F-43D8-BD0D-7F5CEDB40F81}.Release|Any CPU.ActiveCfg = Release|Any CPU
		{7822C36A-955F-43D8-BD0D-7F5CEDB40F81}.Release|Any CPU.Build.0 = Release|Any CPU
	EndGlobalSection
	GlobalSection(SolutionProperties) = preSolution
		HideSolutionNode = FALSE
	EndGlobalSection
	GlobalSection(ExtensibilityGlobals) = postSolution
		SolutionGuid = {BD614D01-F38F-4EDA-9F0E-7FA4A39B41EB}
	EndGlobalSection
EndGlobal
